{
    "_meta": {
        "hash": {
            "sha256": "bceef6b40366da8fae7396ce158042f58c243c65f9312608dcf9e84320a9b456"
        },
        "pipfile-spec": 6,
        "requires": {
            "python_version": "3.9"
        },
        "sources": [
            {
                "name": "pypi",
                "url": "https://pypi.org/simple",
                "verify_ssl": true
            }
        ]
    },
    "default": {
        "asgiref": {
            "hashes": [
                "sha256:1d2880b792ae8757289136f1db2b7b99100ce959b2aa57fd69dab783d05afac4",
                "sha256:4a29362a6acebe09bf1d6640db38c1dc3d9217c68e6f9f6204d72667fc19a424"
            ],
            "markers": "python_version >= '3.7'",
            "version": "==3.5.2"
        },
        "django": {
            "hashes": [
                "sha256:0b223bfa55511f950ff741983d408d78d772351284c75e9f77d2b830b6b4d148",
                "sha256:d38a4e108d2386cb9637da66a82dc8d0733caede4c83c4afdbda78af4214211b"
            ],
            "index": "pypi",
            "version": "==4.1.4"
        },
        "django-extensions": {
            "hashes": [
                "sha256:2a4f4d757be2563cd1ff7cfdf2e57468f5f931cc88b23cf82ca75717aae504a4",
                "sha256:421464be390289513f86cb5e18eb43e5dc1de8b4c27ba9faa3b91261b0d67e09"
            ],
            "index": "pypi",
            "version": "==3.2.1"
        },
        "django-htmx": {
            "hashes": [
                "sha256:781a59376d769aa28302619e73d37d481a125ab155d9fdd7fb17f10e7d25f352",
                "sha256:848c3e195b8757656626c8a099f9be59c6d30f468f1d54e69f0f2a48f0a14928"
            ],
            "index": "pypi",
            "version": "==1.13.0"
        },
        "django-phone-field": {
            "hashes": [
                "sha256:407e74b65e8f7dd14d0a0aa89e277516d57ad6a09ce992cdd94e15b1624b9961",
                "sha256:db63af60fc3a3c66b9faa7e72bb7972cd1518299f2e93d68dd95d8df6214f7ed"
            ],
            "index": "pypi",
            "version": "==1.8.1"
        },
        "django-widget-tweaks": {
            "hashes": [
                "sha256:9bfc5c705684754a83cc81da328b39ad1b80f32bd0f4340e2a810cbab4b0c00e",
                "sha256:fe6b17d5d595c63331f300917980db2afcf71f240ab9341b954aea8f45d25b9a"
            ],
            "index": "pypi",
            "version": "==1.4.12"
        },
        "sqlparse": {
            "hashes": [
                "sha256:0323c0ec29cd52bceabc1b4d9d579e311f3e4961b98d174201d5622a23b85e34",
                "sha256:69ca804846bb114d2ec380e4360a8a340db83f0ccf3afceeb1404df028f57268"
            ],
            "markers": "python_version >= '3.5'",
            "version": "==0.4.3"
        },
        "tzdata": {
            "hashes": [
                "sha256:04a680bdc5b15750c39c12a448885a51134a27ec9af83667663f0b3a1bf3f342",
                "sha256:91f11db4503385928c15598c98573e3af07e7229181bee5375bd30f1695ddcae"
            ],
            "markers": "sys_platform == 'win32'",
            "version": "==2022.6"
        }
    },
    "develop": {}
}
